
Microsoft Visual Studio Solution File, Format Version 12.00
# Visual Studio Version 17
VisualStudioVersion = 17.9.34622.214
MinimumVisualStudioVersion = 10.0.40219.1
Project("{FAE04EC0-301F-11D3-BF4B-00C04F79EFBC}") = "Homework", "Homework\Homework.csproj", "{7EA304ED-6EB4-4546-97B0-8A11EAA7F8C5}"
EndProject
Global
	GlobalSection(SolutionConfigurationPlatforms) = preSolution
		Debug|Any CPU = Debug|Any CPU
		Release|Any CPU = Release|Any CPU
	EndGlobalSection
	GlobalSection(ProjectConfigurationPlatforms) = postSolution
		{7EA304ED-6EB4-4546-97B0-8A11EAA7F8C5}.Debug|Any CPU.ActiveCfg = Debug|Any CPU
		{7EA304ED-6EB4-4546-97B0-8A11EAA7F8C5}.Debug|Any CPU.Build.0 = Debug|Any CPU
		{7EA304ED-6EB4-4546-97B0-8A11EAA7F8C5}.Release|Any CPU.ActiveCfg = Release|Any CPU
		{7EA304ED-6EB4-4546-97B0-8A11EAA7F8C5}.Release|Any CPU.Build.0 = Release|Any CPU
	EndGlobalSection
	GlobalSection(SolutionProperties) = preSolution
		HideSolutionNode = FALSE
	EndGlobalSection
	GlobalSection(ExtensibilityGlobals) = postSolution
		SolutionGuid = {7ABA8CAD-AA64-4FAB-A8D4-B29BB38532E3}
	EndGlobalSection
EndGlobal
